
Microsoft Visual Studio Solution File, Format Version 12.00
# Visual Studio Version 17
VisualStudioVersion = 17.8.34330.188
MinimumVisualStudioVersion = 10.0.40219.1
Project("{FAE04EC0-301F-11D3-BF4B-00C04F79EFBC}") = "wordle-server", "wordle-server\wordle-server.csproj", "{731D8EF7-7926-4376-A10A-4B0B7790D2A9}"
EndProject
Global
	GlobalSection(SolutionConfigurationPlatforms) = preSolution
		Debug|Any CPU = Debug|Any CPU
		Release|Any CPU = Release|Any CPU
	EndGlobalSection
	GlobalSection(ProjectConfigurationPlatforms) = postSolution
		{731D8EF7-7926-4376-A10A-4B0B7790D2A9}.Debug|Any CPU.ActiveCfg = Debug|Any CPU
		{731D8EF7-7926-4376-A10A-4B0B7790D2A9}.Debug|Any CPU.Build.0 = Debug|Any CPU
		{731D8EF7-7926-4376-A10A-4B0B7790D2A9}.Release|Any CPU.ActiveCfg = Release|Any CPU
		{731D8EF7-7926-4376-A10A-4B0B7790D2A9}.Release|Any CPU.Build.0 = Release|Any CPU
	EndGlobalSection
	GlobalSection(SolutionProperties) = preSolution
		HideSolutionNode = FALSE
	EndGlobalSection
	GlobalSection(ExtensibilityGlobals) = postSolution
		SolutionGuid = {E96D036C-ACA5-4A43-81F9-BA185C9B6F8B}
	EndGlobalSection
EndGlobal
